
Microsoft Visual Studio Solution File, Format Version 12.00
# Visual Studio Version 16
VisualStudioVersion = 16.0.31515.178
MinimumVisualStudioVersion = 10.0.40219.1
Project("{2150E333-8FDC-42A3-9474-1A3956D46DE8}") = "src", "src", "{A21C9878-4080-4EE0-93DC-CE78257A6CCB}"
EndProject
Project("{FAE04EC0-301F-11D3-BF4B-00C04F79EFBC}") = "Domain", "Domain\Domain.csproj", "{A9EB9BDD-D8CB-429D-B982-638CAB08759F}"
EndProject
Project("{FAE04EC0-301F-11D3-BF4B-00C04F79EFBC}") = "Application", "Application\Application.csproj", "{C0A65D21-1A87-4868-B830-75D7B5DAD532}"
	ProjectSection(ProjectDependencies) = postProject
		{A9EB9BDD-D8CB-429D-B982-638CAB08759F} = {A9EB9BDD-D8CB-429D-B982-638CAB08759F}
	EndProjectSection
EndProject
Project("{FAE04EC0-301F-11D3-BF4B-00C04F79EFBC}") = "Infrastructure", "Infrastructure\Infrastructure.csproj", "{8D8964EF-0AA6-40E7-BA63-F09C9AB87154}"
	ProjectSection(ProjectDependencies) = postProject
		{C0A65D21-1A87-4868-B830-75D7B5DAD532} = {C0A65D21-1A87-4868-B830-75D7B5DAD532}
	EndProjectSection
EndProject
Project("{FAE04EC0-301F-11D3-BF4B-00C04F79EFBC}") = "WebApp", "WebApp\WebApp.csproj", "{8798D42D-3481-4FAA-AA59-77CCB464EB30}"
	ProjectSection(ProjectDependencies) = postProject
		{C0A65D21-1A87-4868-B830-75D7B5DAD532} = {C0A65D21-1A87-4868-B830-75D7B5DAD532}
		{8D8964EF-0AA6-40E7-BA63-F09C9AB87154} = {8D8964EF-0AA6-40E7-BA63-F09C9AB87154}
	EndProjectSection
EndProject
Global
	GlobalSection(SolutionConfigurationPlatforms) = preSolution
		Debug|Any CPU = Debug|Any CPU
		Release|Any CPU = Release|Any CPU
	EndGlobalSection
	GlobalSection(ProjectConfigurationPlatforms) = postSolution
		{A9EB9BDD-D8CB-429D-B982-638CAB08759F}.Debug|Any CPU.ActiveCfg = Debug|Any CPU
		{A9EB9BDD-D8CB-429D-B982-638CAB08759F}.Debug|Any CPU.Build.0 = Debug|Any CPU
		{A9EB9BDD-D8CB-429D-B982-638CAB08759F}.Release|Any CPU.ActiveCfg = Release|Any CPU
		{A9EB9BDD-D8CB-429D-B982-638CAB08759F}.Release|Any CPU.Build.0 = Release|Any CPU
		{C0A65D21-1A87-4868-B830-75D7B5DAD532}.Debug|Any CPU.ActiveCfg = Debug|Any CPU
		{C0A65D21-1A87-4868-B830-75D7B5DAD532}.Debug|Any CPU.Build.0 = Debug|Any CPU
		{C0A65D21-1A87-4868-B830-75D7B5DAD532}.Release|Any CPU.ActiveCfg = Release|Any CPU
		{C0A65D21-1A87-4868-B830-75D7B5DAD532}.Release|Any CPU.Build.0 = Release|Any CPU
		{8D8964EF-0AA6-40E7-BA63-F09C9AB87154}.Debug|Any CPU.ActiveCfg = Debug|Any CPU
		{8D8964EF-0AA6-40E7-BA63-F09C9AB87154}.Debug|Any CPU.Build.0 = Debug|Any CPU
		{8D8964EF-0AA6-40E7-BA63-F09C9AB87154}.Release|Any CPU.ActiveCfg = Release|Any CPU
		{8D8964EF-0AA6-40E7-BA63-F09C9AB87154}.Release|Any CPU.Build.0 = Release|Any CPU
		{8798D42D-3481-4FAA-AA59-77CCB464EB30}.Debug|Any CPU.ActiveCfg = Debug|Any CPU
		{8798D42D-3481-4FAA-AA59-77CCB464EB30}.Debug|Any CPU.Build.0 = Debug|Any CPU
		{8798D42D-3481-4FAA-AA59-77CCB464EB30}.Release|Any CPU.ActiveCfg = Release|Any CPU
		{8798D42D-3481-4FAA-AA59-77CCB464EB30}.Release|Any CPU.Build.0 = Release|Any CPU
	EndGlobalSection
	GlobalSection(SolutionProperties) = preSolution
		HideSolutionNode = FALSE
	EndGlobalSection
	GlobalSection(NestedProjects) = preSolution
		{A9EB9BDD-D8CB-429D-B982-638CAB08759F} = {A21C9878-4080-4EE0-93DC-CE78257A6CCB}
		{C0A65D21-1A87-4868-B830-75D7B5DAD532} = {A21C9878-4080-4EE0-93DC-CE78257A6CCB}
		{8D8964EF-0AA6-40E7-BA63-F09C9AB87154} = {A21C9878-4080-4EE0-93DC-CE78257A6CCB}
		{8798D42D-3481-4FAA-AA59-77CCB464EB30} = {A21C9878-4080-4EE0-93DC-CE78257A6CCB}
	EndGlobalSection
	GlobalSection(ExtensibilityGlobals) = postSolution
		SolutionGuid = {21C12068-B76E-45D3-98ED-FE45FDF3EAD6}
	EndGlobalSection
EndGlobal
